{
    "version": 3,
    "terraform_version": "0.11.7",
    "serial": 3,
    "lineage": "05765d11-0e53-0753-cfd7-5e276650160c",
    "modules": [
        {
            "path": [
                "root"
            ],
            "outputs": {
                "cluster_name": {
                    "sensitive": false,
                    "type": "string",
                    "value": "kt.cluster.k8s.local"
                },
                "master_security_group_ids": {
                    "sensitive": false,
                    "type": "list",
                    "value": [
                        "sg-09175c287cf5b6298"
                    ]
                },
                "masters_role_arn": {
                    "sensitive": false,
                    "type": "string",
                    "value": "arn:aws:iam::363725706143:role/masters.kt.cluster.k8s.local"
                },
                "masters_role_name": {
                    "sensitive": false,
                    "type": "string",
                    "value": "masters.kt.cluster.k8s.local"
                },
                "node_security_group_ids": {
                    "sensitive": false,
                    "type": "list",
                    "value": [
                        "sg-0c0b20c2000708709"
                    ]
                },
                "node_subnet_ids": {
                    "sensitive": false,
                    "type": "list",
                    "value": [
                        "subnet-0aabe8a57bff1f28d",
                        "subnet-05ba8ce821b7e488c",
                        "subnet-03a7a4f017b8e55e6"
                    ]
                },
                "nodes_role_arn": {
                    "sensitive": false,
                    "type": "string",
                    "value": "arn:aws:iam::363725706143:role/nodes.kt.cluster.k8s.local"
                },
                "nodes_role_name": {
                    "sensitive": false,
                    "type": "string",
                    "value": "nodes.kt.cluster.k8s.local"
                },
                "region": {
                    "sensitive": false,
                    "type": "string",
                    "value": "us-west-2"
                },
                "vpc_id": {
                    "sensitive": false,
                    "type": "string",
                    "value": "vpc-044f730abcb476ddc"
                }
            },
            "resources": {
                "aws_autoscaling_attachment.master-us-west-2a-masters-kt-cluster-k8s-local": {
                    "type": "aws_autoscaling_attachment",
                    "depends_on": [
                        "aws_autoscaling_group.master-us-west-2a-masters-kt-cluster-k8s-local",
                        "aws_elb.api-kt-cluster-k8s-local"
                    ],
                    "primary": {
                        "id": "master-us-west-2a.masters.kt.cluster.k8s.local-20180805181357753500000007",
                        "attributes": {
                            "autoscaling_group_name": "master-us-west-2a.masters.kt.cluster.k8s.local",
                            "elb": "api-kt-cluster-k8s-local-m30ehq",
                            "id": "master-us-west-2a.masters.kt.cluster.k8s.local-20180805181357753500000007"
                        },
                        "meta": {},
                        "tainted": false
                    },
                    "deposed": [],
                    "provider": "provider.aws"
                },
                "aws_autoscaling_attachment.master-us-west-2b-masters-kt-cluster-k8s-local": {
                    "type": "aws_autoscaling_attachment",
                    "depends_on": [
                        "aws_autoscaling_group.master-us-west-2b-masters-kt-cluster-k8s-local",
                        "aws_elb.api-kt-cluster-k8s-local"
                    ],
                    "primary": {
                        "id": "master-us-west-2b.masters.kt.cluster.k8s.local-20180805181349045300000006",
                        "attributes": {
                            "autoscaling_group_name": "master-us-west-2b.masters.kt.cluster.k8s.local",
                            "elb": "api-kt-cluster-k8s-local-m30ehq",
                            "id": "master-us-west-2b.masters.kt.cluster.k8s.local-20180805181349045300000006"
                        },
                        "meta": {},
                        "tainted": false
                    },
                    "deposed": [],
                    "provider": "provider.aws"
                },
                "aws_autoscaling_attachment.master-us-west-2c-masters-kt-cluster-k8s-local": {
                    "type": "aws_autoscaling_attachment",
                    "depends_on": [
                        "aws_autoscaling_group.master-us-west-2c-masters-kt-cluster-k8s-local",
                        "aws_elb.api-kt-cluster-k8s-local"
                    ],
                    "primary": {
                        "id": "master-us-west-2c.masters.kt.cluster.k8s.local-20180805181347595800000005",
                        "attributes": {
                            "autoscaling_group_name": "master-us-west-2c.masters.kt.cluster.k8s.local",
                            "elb": "api-kt-cluster-k8s-local-m30ehq",
                            "id": "master-us-west-2c.masters.kt.cluster.k8s.local-20180805181347595800000005"
                        },
                        "meta": {},
                        "tainted": false
                    },
                    "deposed": [],
                    "provider": "provider.aws"
                },
                "aws_autoscaling_group.master-us-west-2a-masters-kt-cluster-k8s-local": {
                    "type": "aws_autoscaling_group",
                    "depends_on": [
                        "aws_launch_configuration.master-us-west-2a-masters-kt-cluster-k8s-local",
                        "aws_subnet.us-west-2a-kt-cluster-k8s-local"
                    ],
                    "primary": {
                        "id": "master-us-west-2a.masters.kt.cluster.k8s.local",
                        "attributes": {
                            "arn": "arn:aws:autoscaling:us-west-2:363725706143:autoScalingGroup:565e35f9-a340-43d5-81b7-f639813492d1:autoScalingGroupName/master-us-west-2a.masters.kt.cluster.k8s.local",
                            "availability_zones.#": "1",
                            "availability_zones.2487133097": "us-west-2a",
                            "default_cooldown": "300",
                            "desired_capacity": "1",
                            "enabled_metrics.#": "8",
                            "enabled_metrics.119681000": "GroupStandbyInstances",
                            "enabled_metrics.1940933563": "GroupTotalInstances",
                            "enabled_metrics.308948767": "GroupPendingInstances",
                            "enabled_metrics.3267518000": "GroupTerminatingInstances",
                            "enabled_metrics.3394537085": "GroupDesiredCapacity",
                            "enabled_metrics.3551801763": "GroupInServiceInstances",
                            "enabled_metrics.4118539418": "GroupMinSize",
                            "enabled_metrics.4136111317": "GroupMaxSize",
                            "force_delete": "false",
                            "health_check_grace_period": "300",
                            "health_check_type": "EC2",
                            "id": "master-us-west-2a.masters.kt.cluster.k8s.local",
                            "launch_configuration": "master-us-west-2a.masters.kt.cluster.k8s.local-20180805181301716900000002",
                            "launch_template.#": "0",
                            "load_balancers.#": "0",
                            "max_size": "1",
                            "metrics_granularity": "1Minute",
                            "min_size": "1",
                            "name": "master-us-west-2a.masters.kt.cluster.k8s.local",
                            "placement_group": "",
                            "protect_from_scale_in": "false",
                            "service_linked_role_arn": "arn:aws:iam::363725706143:role/aws-service-role/autoscaling.amazonaws.com/AWSServiceRoleForAutoScaling",
                            "suspended_processes.#": "0",
                            "tag.#": "4",
                            "tag.1601041186.key": "k8s.io/role/master",
                            "tag.1601041186.propagate_at_launch": "true",
                            "tag.1601041186.value": "1",
                            "tag.199716095.key": "Name",
                            "tag.199716095.propagate_at_launch": "true",
                            "tag.199716095.value": "master-us-west-2a.masters.kt.cluster.k8s.local",
                            "tag.385889145.key": "KubernetesCluster",
                            "tag.385889145.propagate_at_launch": "true",
                            "tag.385889145.value": "kt.cluster.k8s.local",
                            "tag.550690901.key": "k8s.io/cluster-autoscaler/node-template/label/kops.k8s.io/instancegroup",
                            "tag.550690901.propagate_at_launch": "true",
                            "tag.550690901.value": "master-us-west-2a",
                            "target_group_arns.#": "0",
                            "termination_policies.#": "0",
                            "vpc_zone_identifier.#": "1",
                            "vpc_zone_identifier.374137484": "subnet-0aabe8a57bff1f28d",
                            "wait_for_capacity_timeout": "10m"
                        },
                        "meta": {
                            "e2bfb730-ecaa-11e6-8f88-34363bc7c4c0": {
                                "delete": 600000000000
                            }
                        },
                        "tainted": false
                    },
                    "deposed": [],
                    "provider": "provider.aws"
                },
                "aws_autoscaling_group.master-us-west-2b-masters-kt-cluster-k8s-local": {
                    "type": "aws_autoscaling_group",
                    "depends_on": [
                        "aws_launch_configuration.master-us-west-2b-masters-kt-cluster-k8s-local",
                        "aws_subnet.us-west-2b-kt-cluster-k8s-local"
                    ],
                    "primary": {
                        "id": "master-us-west-2b.masters.kt.cluster.k8s.local",
                        "attributes": {
                            "arn": "arn:aws:autoscaling:us-west-2:363725706143:autoScalingGroup:f60e51e7-ef47-4f0e-bf17-a33024752e69:autoScalingGroupName/master-us-west-2b.masters.kt.cluster.k8s.local",
                            "availability_zones.#": "1",
                            "availability_zones.221770259": "us-west-2b",
                            "default_cooldown": "300",
                            "desired_capacity": "1",
                            "enabled_metrics.#": "8",
                            "enabled_metrics.119681000": "GroupStandbyInstances",
                            "enabled_metrics.1940933563": "GroupTotalInstances",
                            "enabled_metrics.308948767": "GroupPendingInstances",
                            "enabled_metrics.3267518000": "GroupTerminatingInstances",
                            "enabled_metrics.3394537085": "GroupDesiredCapacity",
                            "enabled_metrics.3551801763": "GroupInServiceInstances",
                            "enabled_metrics.4118539418": "GroupMinSize",
                            "enabled_metrics.4136111317": "GroupMaxSize",
                            "force_delete": "false",
                            "health_check_grace_period": "300",
                            "health_check_type": "EC2",
                            "id": "master-us-west-2b.masters.kt.cluster.k8s.local",
                            "launch_configuration": "master-us-west-2b.masters.kt.cluster.k8s.local-20180805181303340200000004",
                            "launch_template.#": "0",
                            "load_balancers.#": "0",
                            "max_size": "1",
                            "metrics_granularity": "1Minute",
                            "min_size": "1",
                            "name": "master-us-west-2b.masters.kt.cluster.k8s.local",
                            "placement_group": "",
                            "protect_from_scale_in": "false",
                            "service_linked_role_arn": "arn:aws:iam::363725706143:role/aws-service-role/autoscaling.amazonaws.com/AWSServiceRoleForAutoScaling",
                            "suspended_processes.#": "0",
                            "tag.#": "4",
                            "tag.1601041186.key": "k8s.io/role/master",
                            "tag.1601041186.propagate_at_launch": "true",
                            "tag.1601041186.value": "1",
                            "tag.1862735617.key": "Name",
                            "tag.1862735617.propagate_at_launch": "true",
                            "tag.1862735617.value": "master-us-west-2b.masters.kt.cluster.k8s.local",
                            "tag.289077960.key": "k8s.io/cluster-autoscaler/node-template/label/kops.k8s.io/instancegroup",
                            "tag.289077960.propagate_at_launch": "true",
                            "tag.289077960.value": "master-us-west-2b",
                            "tag.385889145.key": "KubernetesCluster",
                            "tag.385889145.propagate_at_launch": "true",
                            "tag.385889145.value": "kt.cluster.k8s.local",
                            "target_group_arns.#": "0",
                            "termination_policies.#": "0",
                            "vpc_zone_identifier.#": "1",
                            "vpc_zone_identifier.3164047502": "subnet-05ba8ce821b7e488c",
                            "wait_for_capacity_timeout": "10m"
                        },
                        "meta": {
                            "e2bfb730-ecaa-11e6-8f88-34363bc7c4c0": {
                                "delete": 600000000000
                            }
                        },
                        "tainted": false
                    },
                    "deposed": [],
                    "provider": "provider.aws"
                },
                "aws_autoscaling_group.master-us-west-2c-masters-kt-cluster-k8s-local": {
                    "type": "aws_autoscaling_group",
                    "depends_on": [
                        "aws_launch_configuration.master-us-west-2c-masters-kt-cluster-k8s-local",
                        "aws_subnet.us-west-2c-kt-cluster-k8s-local"
                    ],
                    "primary": {
                        "id": "master-us-west-2c.masters.kt.cluster.k8s.local",
                        "attributes": {
                            "arn": "arn:aws:autoscaling:us-west-2:363725706143:autoScalingGroup:a799ed9a-5ecd-4641-8e32-e6338c20350e:autoScalingGroupName/master-us-west-2c.masters.kt.cluster.k8s.local",
                            "availability_zones.#": "1",
                            "availability_zones.2050015877": "us-west-2c",
                            "default_cooldown": "300",
                            "desired_capacity": "1",
                            "enabled_metrics.#": "8",
                            "enabled_metrics.119681000": "GroupStandbyInstances",
                            "enabled_metrics.1940933563": "GroupTotalInstances",
                            "enabled_metrics.308948767": "GroupPendingInstances",
                            "enabled_metrics.3267518000": "GroupTerminatingInstances",
                            "enabled_metrics.3394537085": "GroupDesiredCapacity",
                            "enabled_metrics.3551801763": "GroupInServiceInstances",
                            "enabled_metrics.4118539418": "GroupMinSize",
                            "enabled_metrics.4136111317": "GroupMaxSize",
                            "force_delete": "false",
                            "health_check_grace_period": "300",
                            "health_check_type": "EC2",
                            "id": "master-us-west-2c.masters.kt.cluster.k8s.local",
                            "launch_configuration": "master-us-west-2c.masters.kt.cluster.k8s.local-20180805181301959900000003",
                            "launch_template.#": "0",
                            "load_balancers.#": "0",
                            "max_size": "1",
                            "metrics_granularity": "1Minute",
                            "min_size": "1",
                            "name": "master-us-west-2c.masters.kt.cluster.k8s.local",
                            "placement_group": "",
                            "protect_from_scale_in": "false",
                            "service_linked_role_arn": "arn:aws:iam::363725706143:role/aws-service-role/autoscaling.amazonaws.com/AWSServiceRoleForAutoScaling",
                            "suspended_processes.#": "0",
                            "tag.#": "4",
                            "tag.1601041186.key": "k8s.io/role/master",
                            "tag.1601041186.propagate_at_launch": "true",
                            "tag.1601041186.value": "1",
                            "tag.3075338620.key": "k8s.io/cluster-autoscaler/node-template/label/kops.k8s.io/instancegroup",
                            "tag.3075338620.propagate_at_launch": "true",
                            "tag.3075338620.value": "master-us-west-2c",
                            "tag.385889145.key": "KubernetesCluster",
                            "tag.385889145.propagate_at_launch": "true",
                            "tag.385889145.value": "kt.cluster.k8s.local",
                            "tag.4202152852.key": "Name",
                            "tag.4202152852.propagate_at_launch": "true",
                            "tag.4202152852.value": "master-us-west-2c.masters.kt.cluster.k8s.local",
                            "target_group_arns.#": "0",
                            "termination_policies.#": "0",
                            "vpc_zone_identifier.#": "1",
                            "vpc_zone_identifier.3351205396": "subnet-03a7a4f017b8e55e6",
                            "wait_for_capacity_timeout": "10m"
                        },
                        "meta": {
                            "e2bfb730-ecaa-11e6-8f88-34363bc7c4c0": {
                                "delete": 600000000000
                            }
                        },
                        "tainted": false
                    },
                    "deposed": [],
                    "provider": "provider.aws"
                },
                "aws_autoscaling_group.nodes-kt-cluster-k8s-local": {
                    "type": "aws_autoscaling_group",
                    "depends_on": [
                        "aws_launch_configuration.nodes-kt-cluster-k8s-local",
                        "aws_subnet.us-west-2a-kt-cluster-k8s-local",
                        "aws_subnet.us-west-2b-kt-cluster-k8s-local",
                        "aws_subnet.us-west-2c-kt-cluster-k8s-local"
                    ],
                    "primary": {
                        "id": "nodes.kt.cluster.k8s.local",
                        "attributes": {
                            "arn": "arn:aws:autoscaling:us-west-2:363725706143:autoScalingGroup:122ed5b1-cd1f-42b6-98e3-98f9dc9fd2f6:autoScalingGroupName/nodes.kt.cluster.k8s.local",
                            "availability_zones.#": "3",
                            "availability_zones.2050015877": "us-west-2c",
                            "availability_zones.221770259": "us-west-2b",
                            "availability_zones.2487133097": "us-west-2a",
                            "default_cooldown": "300",
                            "desired_capacity": "3",
                            "enabled_metrics.#": "8",
                            "enabled_metrics.119681000": "GroupStandbyInstances",
                            "enabled_metrics.1940933563": "GroupTotalInstances",
                            "enabled_metrics.308948767": "GroupPendingInstances",
                            "enabled_metrics.3267518000": "GroupTerminatingInstances",
                            "enabled_metrics.3394537085": "GroupDesiredCapacity",
                            "enabled_metrics.3551801763": "GroupInServiceInstances",
                            "enabled_metrics.4118539418": "GroupMinSize",
                            "enabled_metrics.4136111317": "GroupMaxSize",
                            "force_delete": "false",
                            "health_check_grace_period": "300",
                            "health_check_type": "EC2",
                            "id": "nodes.kt.cluster.k8s.local",
                            "launch_configuration": "nodes.kt.cluster.k8s.local-20180805181300692500000001",
                            "launch_template.#": "0",
                            "load_balancers.#": "0",
                            "max_size": "3",
                            "metrics_granularity": "1Minute",
                            "min_size": "3",
                            "name": "nodes.kt.cluster.k8s.local",
                            "placement_group": "",
                            "protect_from_scale_in": "false",
                            "service_linked_role_arn": "arn:aws:iam::363725706143:role/aws-service-role/autoscaling.amazonaws.com/AWSServiceRoleForAutoScaling",
                            "suspended_processes.#": "0",
                            "tag.#": "4",
                            "tag.1610699071.key": "Name",
                            "tag.1610699071.propagate_at_launch": "true",
                            "tag.1610699071.value": "nodes.kt.cluster.k8s.local",
                            "tag.1967977115.key": "k8s.io/role/node",
                            "tag.1967977115.propagate_at_launch": "true",
                            "tag.1967977115.value": "1",
                            "tag.385889145.key": "KubernetesCluster",
                            "tag.385889145.propagate_at_launch": "true",
                            "tag.385889145.value": "kt.cluster.k8s.local",
                            "tag.859419842.key": "k8s.io/cluster-autoscaler/node-template/label/kops.k8s.io/instancegroup",
                            "tag.859419842.propagate_at_launch": "true",
                            "tag.859419842.value": "nodes",
                            "target_group_arns.#": "0",
                            "termination_policies.#": "0",
                            "vpc_zone_identifier.#": "3",
                            "vpc_zone_identifier.3164047502": "subnet-05ba8ce821b7e488c",
                            "vpc_zone_identifier.3351205396": "subnet-03a7a4f017b8e55e6",
                            "vpc_zone_identifier.374137484": "subnet-0aabe8a57bff1f28d",
                            "wait_for_capacity_timeout": "10m"
                        },
                        "meta": {
                            "e2bfb730-ecaa-11e6-8f88-34363bc7c4c0": {
                                "delete": 600000000000
                            }
                        },
                        "tainted": false
                    },
                    "deposed": [],
                    "provider": "provider.aws"
                },
                "aws_ebs_volume.a-etcd-events-kt-cluster-k8s-local": {
                    "type": "aws_ebs_volume",
                    "depends_on": [],
                    "primary": {
                        "id": "vol-0b459ebf0074e1968",
                        "attributes": {
                            "arn": "arn:aws:ec2:us-west-2:363725706143:volume/vol-0b459ebf0074e1968",
                            "availability_zone": "us-west-2a",
                            "encrypted": "false",
                            "id": "vol-0b459ebf0074e1968",
                            "size": "20",
                            "snapshot_id": "",
                            "tags.%": "5",
                            "tags.KubernetesCluster": "kt.cluster.k8s.local",
                            "tags.Name": "a.etcd-events.kt.cluster.k8s.local",
                            "tags.k8s.io/etcd/events": "a/a,b,c",
                            "tags.k8s.io/role/master": "1",
                            "tags.kubernetes.io/cluster/kt.cluster.k8s.local": "owned",
                            "type": "gp2"
                        },
                        "meta": {},
                        "tainted": false
                    },
                    "deposed": [],
                    "provider": "provider.aws"
                },
                "aws_ebs_volume.a-etcd-main-kt-cluster-k8s-local": {
                    "type": "aws_ebs_volume",
                    "depends_on": [],
                    "primary": {
                        "id": "vol-00a9367f6e36c854a",
                        "attributes": {
                            "arn": "arn:aws:ec2:us-west-2:363725706143:volume/vol-00a9367f6e36c854a",
                            "availability_zone": "us-west-2a",
                            "encrypted": "false",
                            "id": "vol-00a9367f6e36c854a",
                            "size": "20",
                            "snapshot_id": "",
                            "tags.%": "5",
                            "tags.KubernetesCluster": "kt.cluster.k8s.local",
                            "tags.Name": "a.etcd-main.kt.cluster.k8s.local",
                            "tags.k8s.io/etcd/main": "a/a,b,c",
                            "tags.k8s.io/role/master": "1",
                            "tags.kubernetes.io/cluster/kt.cluster.k8s.local": "owned",
                            "type": "gp2"
                        },
                        "meta": {},
                        "tainted": false
                    },
                    "deposed": [],
                    "provider": "provider.aws"
                },
                "aws_ebs_volume.b-etcd-events-kt-cluster-k8s-local": {
                    "type": "aws_ebs_volume",
                    "depends_on": [],
                    "primary": {
                        "id": "vol-06b9acff1057e8ac7",
                        "attributes": {
                            "arn": "arn:aws:ec2:us-west-2:363725706143:volume/vol-06b9acff1057e8ac7",
                            "availability_zone": "us-west-2b",
                            "encrypted": "false",
                            "id": "vol-06b9acff1057e8ac7",
                            "size": "20",
                            "snapshot_id": "",
                            "tags.%": "5",
                            "tags.KubernetesCluster": "kt.cluster.k8s.local",
                            "tags.Name": "b.etcd-events.kt.cluster.k8s.local",
                            "tags.k8s.io/etcd/events": "b/a,b,c",
                            "tags.k8s.io/role/master": "1",
                            "tags.kubernetes.io/cluster/kt.cluster.k8s.local": "owned",
                            "type": "gp2"
                        },
                        "meta": {},
                        "tainted": false
                    },
                    "deposed": [],
                    "provider": "provider.aws"
                },
                "aws_ebs_volume.b-etcd-main-kt-cluster-k8s-local": {
                    "type": "aws_ebs_volume",
                    "depends_on": [],
                    "primary": {
                        "id": "vol-0dd1a5ba23f6a9c47",
                        "attributes": {
                            "arn": "arn:aws:ec2:us-west-2:363725706143:volume/vol-0dd1a5ba23f6a9c47",
                            "availability_zone": "us-west-2b",
                            "encrypted": "false",
                            "id": "vol-0dd1a5ba23f6a9c47",
                            "size": "20",
                            "snapshot_id": "",
                            "tags.%": "5",
                            "tags.KubernetesCluster": "kt.cluster.k8s.local",
                            "tags.Name": "b.etcd-main.kt.cluster.k8s.local",
                            "tags.k8s.io/etcd/main": "b/a,b,c",
                            "tags.k8s.io/role/master": "1",
                            "tags.kubernetes.io/cluster/kt.cluster.k8s.local": "owned",
                            "type": "gp2"
                        },
                        "meta": {},
                        "tainted": false
                    },
                    "deposed": [],
                    "provider": "provider.aws"
                },
                "aws_ebs_volume.c-etcd-events-kt-cluster-k8s-local": {
                    "type": "aws_ebs_volume",
                    "depends_on": [],
                    "primary": {
                        "id": "vol-0bbd35f37cbc9e980",
                        "attributes": {
                            "arn": "arn:aws:ec2:us-west-2:363725706143:volume/vol-0bbd35f37cbc9e980",
                            "availability_zone": "us-west-2c",
                            "encrypted": "false",
                            "id": "vol-0bbd35f37cbc9e980",
                            "size": "20",
                            "snapshot_id": "",
                            "tags.%": "5",
                            "tags.KubernetesCluster": "kt.cluster.k8s.local",
                            "tags.Name": "c.etcd-events.kt.cluster.k8s.local",
                            "tags.k8s.io/etcd/events": "c/a,b,c",
                            "tags.k8s.io/role/master": "1",
                            "tags.kubernetes.io/cluster/kt.cluster.k8s.local": "owned",
                            "type": "gp2"
                        },
                        "meta": {},
                        "tainted": false
                    },
                    "deposed": [],
                    "provider": "provider.aws"
                },
                "aws_ebs_volume.c-etcd-main-kt-cluster-k8s-local": {
                    "type": "aws_ebs_volume",
                    "depends_on": [],
                    "primary": {
                        "id": "vol-020873298dd1f0a0f",
                        "attributes": {
                            "arn": "arn:aws:ec2:us-west-2:363725706143:volume/vol-020873298dd1f0a0f",
                            "availability_zone": "us-west-2c",
                            "encrypted": "false",
                            "id": "vol-020873298dd1f0a0f",
                            "size": "20",
                            "snapshot_id": "",
                            "tags.%": "5",
                            "tags.KubernetesCluster": "kt.cluster.k8s.local",
                            "tags.Name": "c.etcd-main.kt.cluster.k8s.local",
                            "tags.k8s.io/etcd/main": "c/a,b,c",
                            "tags.k8s.io/role/master": "1",
                            "tags.kubernetes.io/cluster/kt.cluster.k8s.local": "owned",
                            "type": "gp2"
                        },
                        "meta": {},
                        "tainted": false
                    },
                    "deposed": [],
                    "provider": "provider.aws"
                },
                "aws_elb.api-kt-cluster-k8s-local": {
                    "type": "aws_elb",
                    "depends_on": [
                        "aws_security_group.api-elb-kt-cluster-k8s-local",
                        "aws_subnet.us-west-2a-kt-cluster-k8s-local",
                        "aws_subnet.us-west-2b-kt-cluster-k8s-local",
                        "aws_subnet.us-west-2c-kt-cluster-k8s-local"
                    ],
                    "primary": {
                        "id": "api-kt-cluster-k8s-local-m30ehq",
                        "attributes": {
                            "access_logs.#": "0",
                            "arn": "arn:aws:elasticloadbalancing:us-west-2:363725706143:loadbalancer/api-kt-cluster-k8s-local-m30ehq",
                            "availability_zones.#": "3",
                            "availability_zones.2050015877": "us-west-2c",
                            "availability_zones.221770259": "us-west-2b",
                            "availability_zones.2487133097": "us-west-2a",
                            "connection_draining": "false",
                            "connection_draining_timeout": "300",
                            "cross_zone_load_balancing": "true",
                            "dns_name": "api-kt-cluster-k8s-local-m30ehq-221674446.us-west-2.elb.amazonaws.com",
                            "health_check.#": "1",
                            "health_check.0.healthy_threshold": "2",
                            "health_check.0.interval": "10",
                            "health_check.0.target": "SSL:443",
                            "health_check.0.timeout": "5",
                            "health_check.0.unhealthy_threshold": "2",
                            "id": "api-kt-cluster-k8s-local-m30ehq",
                            "idle_timeout": "300",
                            "instances.#": "0",
                            "internal": "false",
                            "listener.#": "1",
                            "listener.610193557.instance_port": "443",
                            "listener.610193557.instance_protocol": "tcp",
                            "listener.610193557.lb_port": "443",
                            "listener.610193557.lb_protocol": "tcp",
                            "listener.610193557.ssl_certificate_id": "",
                            "name": "api-kt-cluster-k8s-local-m30ehq",
                            "security_groups.#": "1",
                            "security_groups.2402663619": "sg-08c00e6205c03d24f",
                            "source_security_group": "363725706143/api-elb.kt.cluster.k8s.local",
                            "source_security_group_id": "sg-08c00e6205c03d24f",
                            "subnets.#": "3",
                            "subnets.3164047502": "subnet-05ba8ce821b7e488c",
                            "subnets.3351205396": "subnet-03a7a4f017b8e55e6",
                            "subnets.374137484": "subnet-0aabe8a57bff1f28d",
                            "tags.%": "2",
                            "tags.KubernetesCluster": "kt.cluster.k8s.local",
                            "tags.Name": "api.kt.cluster.k8s.local",
                            "zone_id": "Z1H1FL5HABSF5"
                        },
                        "meta": {},
                        "tainted": false
                    },
                    "deposed": [],
                    "provider": "provider.aws"
                },
                "aws_iam_instance_profile.masters-kt-cluster-k8s-local": {
                    "type": "aws_iam_instance_profile",
                    "depends_on": [
                        "aws_iam_role.masters-kt-cluster-k8s-local"
                    ],
                    "primary": {
                        "id": "masters.kt.cluster.k8s.local",
                        "attributes": {
                            "arn": "arn:aws:iam::363725706143:instance-profile/masters.kt.cluster.k8s.local",
                            "create_date": "2018-08-05T18:12:58Z",
                            "id": "masters.kt.cluster.k8s.local",
                            "name": "masters.kt.cluster.k8s.local",
                            "path": "/",
                            "role": "masters.kt.cluster.k8s.local",
                            "roles.#": "0",
                            "unique_id": "AIPAIQLFGSYYGAV5AG6K6"
                        },
                        "meta": {},
                        "tainted": false
                    },
                    "deposed": [],
                    "provider": "provider.aws"
                },
                "aws_iam_instance_profile.nodes-kt-cluster-k8s-local": {
                    "type": "aws_iam_instance_profile",
                    "depends_on": [
                        "aws_iam_role.nodes-kt-cluster-k8s-local"
                    ],
                    "primary": {
                        "id": "nodes.kt.cluster.k8s.local",
                        "attributes": {
                            "arn": "arn:aws:iam::363725706143:instance-profile/nodes.kt.cluster.k8s.local",
                            "create_date": "2018-08-05T18:12:58Z",
                            "id": "nodes.kt.cluster.k8s.local",
                            "name": "nodes.kt.cluster.k8s.local",
                            "path": "/",
                            "role": "nodes.kt.cluster.k8s.local",
                            "roles.#": "0",
                            "unique_id": "AIPAIZLCWMKIG67TP26N4"
                        },
                        "meta": {},
                        "tainted": false
                    },
                    "deposed": [],
                    "provider": "provider.aws"
                },
                "aws_iam_role.masters-kt-cluster-k8s-local": {
                    "type": "aws_iam_role",
                    "depends_on": [],
                    "primary": {
                        "id": "masters.kt.cluster.k8s.local",
                        "attributes": {
                            "arn": "arn:aws:iam::363725706143:role/masters.kt.cluster.k8s.local",
                            "assume_role_policy": "{\"Version\":\"2012-10-17\",\"Statement\":[{\"Effect\":\"Allow\",\"Principal\":{\"Service\":\"ec2.amazonaws.com\"},\"Action\":\"sts:AssumeRole\"}]}",
                            "create_date": "2018-08-05T18:12:57Z",
                            "description": "",
                            "force_detach_policies": "false",
                            "id": "masters.kt.cluster.k8s.local",
                            "max_session_duration": "3600",
                            "name": "masters.kt.cluster.k8s.local",
                            "path": "/",
                            "unique_id": "AROAJXFFW3F4LYTXJLAZA"
                        },
                        "meta": {},
                        "tainted": false
                    },
                    "deposed": [],
                    "provider": "provider.aws"
                },
                "aws_iam_role.nodes-kt-cluster-k8s-local": {
                    "type": "aws_iam_role",
                    "depends_on": [],
                    "primary": {
                        "id": "nodes.kt.cluster.k8s.local",
                        "attributes": {
                            "arn": "arn:aws:iam::363725706143:role/nodes.kt.cluster.k8s.local",
                            "assume_role_policy": "{\"Version\":\"2012-10-17\",\"Statement\":[{\"Effect\":\"Allow\",\"Principal\":{\"Service\":\"ec2.amazonaws.com\"},\"Action\":\"sts:AssumeRole\"}]}",
                            "create_date": "2018-08-05T18:12:57Z",
                            "description": "",
                            "force_detach_policies": "false",
                            "id": "nodes.kt.cluster.k8s.local",
                            "max_session_duration": "3600",
                            "name": "nodes.kt.cluster.k8s.local",
                            "path": "/",
                            "unique_id": "AROAJ5A7FNJJ5HINRQBMW"
                        },
                        "meta": {},
                        "tainted": false
                    },
                    "deposed": [],
                    "provider": "provider.aws"
                },
                "aws_iam_role_policy.masters-kt-cluster-k8s-local": {
                    "type": "aws_iam_role_policy",
                    "depends_on": [
                        "aws_iam_role.masters-kt-cluster-k8s-local"
                    ],
                    "primary": {
                        "id": "masters.kt.cluster.k8s.local:masters.kt.cluster.k8s.local",
                        "attributes": {
                            "id": "masters.kt.cluster.k8s.local:masters.kt.cluster.k8s.local",
                            "name": "masters.kt.cluster.k8s.local",
                            "policy": "{\n  \"Version\": \"2012-10-17\",\n  \"Statement\": [\n    {\n      \"Sid\": \"kopsK8sEC2MasterPermsDescribeResources\",\n      \"Effect\": \"Allow\",\n      \"Action\": [\n        \"ec2:DescribeInstances\",\n        \"ec2:DescribeRegions\",\n        \"ec2:DescribeRouteTables\",\n        \"ec2:DescribeSecurityGroups\",\n        \"ec2:DescribeSubnets\",\n        \"ec2:DescribeVolumes\"\n      ],\n      \"Resource\": [\n        \"*\"\n      ]\n    },\n    {\n      \"Sid\": \"kopsK8sEC2MasterPermsAllResources\",\n      \"Effect\": \"Allow\",\n      \"Action\": [\n        \"ec2:CreateSecurityGroup\",\n        \"ec2:CreateTags\",\n        \"ec2:CreateVolume\",\n        \"ec2:ModifyInstanceAttribute\"\n      ],\n      \"Resource\": [\n        \"*\"\n      ]\n    },\n    {\n      \"Sid\": \"kopsK8sEC2MasterPermsTaggedResources\",\n      \"Effect\": \"Allow\",\n      \"Action\": [\n        \"ec2:AttachVolume\",\n        \"ec2:AuthorizeSecurityGroupIngress\",\n        \"ec2:CreateRoute\",\n        \"ec2:DeleteRoute\",\n        \"ec2:DeleteSecurityGroup\",\n        \"ec2:DeleteVolume\",\n        \"ec2:DetachVolume\",\n        \"ec2:RevokeSecurityGroupIngress\"\n      ],\n      \"Resource\": [\n        \"*\"\n      ],\n      \"Condition\": {\n        \"StringEquals\": {\n          \"ec2:ResourceTag/KubernetesCluster\": \"kt.cluster.k8s.local\"\n        }\n      }\n    },\n    {\n      \"Sid\": \"kopsK8sASMasterPermsAllResources\",\n      \"Effect\": \"Allow\",\n      \"Action\": [\n        \"autoscaling:DescribeAutoScalingGroups\",\n        \"autoscaling:DescribeLaunchConfigurations\",\n        \"autoscaling:DescribeTags\",\n        \"autoscaling:GetAsgForInstance\"\n      ],\n      \"Resource\": [\n        \"*\"\n      ]\n    },\n    {\n      \"Sid\": \"kopsK8sASMasterPermsTaggedResources\",\n      \"Effect\": \"Allow\",\n      \"Action\": [\n        \"autoscaling:SetDesiredCapacity\",\n        \"autoscaling:TerminateInstanceInAutoScalingGroup\",\n        \"autoscaling:UpdateAutoScalingGroup\"\n      ],\n      \"Resource\": [\n        \"*\"\n      ],\n      \"Condition\": {\n        \"StringEquals\": {\n          \"autoscaling:ResourceTag/KubernetesCluster\": \"kt.cluster.k8s.local\"\n        }\n      }\n    },\n    {\n      \"Sid\": \"kopsK8sELBMasterPermsRestrictive\",\n      \"Effect\": \"Allow\",\n      \"Action\": [\n        \"elasticloadbalancing:AddTags\",\n        \"elasticloadbalancing:AttachLoadBalancerToSubnets\",\n        \"elasticloadbalancing:ApplySecurityGroupsToLoadBalancer\",\n        \"elasticloadbalancing:CreateLoadBalancer\",\n        \"elasticloadbalancing:CreateLoadBalancerPolicy\",\n        \"elasticloadbalancing:CreateLoadBalancerListeners\",\n        \"elasticloadbalancing:ConfigureHealthCheck\",\n        \"elasticloadbalancing:DeleteLoadBalancer\",\n        \"elasticloadbalancing:DeleteLoadBalancerListeners\",\n        \"elasticloadbalancing:DescribeLoadBalancers\",\n        \"elasticloadbalancing:DescribeLoadBalancerAttributes\",\n        \"elasticloadbalancing:DetachLoadBalancerFromSubnets\",\n        \"elasticloadbalancing:DeregisterInstancesFromLoadBalancer\",\n        \"elasticloadbalancing:ModifyLoadBalancerAttributes\",\n        \"elasticloadbalancing:RegisterInstancesWithLoadBalancer\",\n        \"elasticloadbalancing:SetLoadBalancerPoliciesForBackendServer\"\n      ],\n      \"Resource\": [\n        \"*\"\n      ]\n    },\n    {\n      \"Sid\": \"kopsK8sNLBMasterPermsRestrictive\",\n      \"Effect\": \"Allow\",\n      \"Action\": [\n        \"ec2:DescribeVpcs\",\n        \"elasticloadbalancing:AddTags\",\n        \"elasticloadbalancing:CreateListener\",\n        \"elasticloadbalancing:CreateTargetGroup\",\n        \"elasticloadbalancing:DeleteListener\",\n        \"elasticloadbalancing:DeleteTargetGroup\",\n        \"elasticloadbalancing:DescribeListeners\",\n        \"elasticloadbalancing:DescribeLoadBalancerPolicies\",\n        \"elasticloadbalancing:DescribeTargetGroups\",\n        \"elasticloadbalancing:DescribeTargetHealth\",\n        \"elasticloadbalancing:ModifyListener\",\n        \"elasticloadbalancing:ModifyTargetGroup\",\n        \"elasticloadbalancing:RegisterTargets\",\n        \"elasticloadbalancing:SetLoadBalancerPoliciesOfListener\"\n      ],\n      \"Resource\": [\n        \"*\"\n      ]\n    },\n    {\n      \"Sid\": \"kopsMasterCertIAMPerms\",\n      \"Effect\": \"Allow\",\n      \"Action\": [\n        \"iam:ListServerCertificates\",\n        \"iam:GetServerCertificate\"\n      ],\n      \"Resource\": [\n        \"*\"\n      ]\n    },\n    {\n      \"Sid\": \"kopsK8sS3GetListBucket\",\n      \"Effect\": \"Allow\",\n      \"Action\": [\n        \"s3:GetBucketLocation\",\n        \"s3:ListBucket\"\n      ],\n      \"Resource\": [\n        \"arn:aws:s3:::kt-cluster-bucket\"\n      ]\n    },\n    {\n      \"Sid\": \"kopsK8sS3MasterBucketFullGet\",\n      \"Effect\": \"Allow\",\n      \"Action\": [\n        \"s3:Get*\"\n      ],\n      \"Resource\": \"arn:aws:s3:::kt-cluster-bucket/kt.cluster.k8s.local/*\"\n    },\n    {\n      \"Sid\": \"kopsK8sECR\",\n      \"Effect\": \"Allow\",\n      \"Action\": [\n        \"ecr:GetAuthorizationToken\",\n        \"ecr:BatchCheckLayerAvailability\",\n        \"ecr:GetDownloadUrlForLayer\",\n        \"ecr:GetRepositoryPolicy\",\n        \"ecr:DescribeRepositories\",\n        \"ecr:ListImages\",\n        \"ecr:BatchGetImage\"\n      ],\n      \"Resource\": [\n        \"*\"\n      ]\n    }\n  ]\n}",
                            "role": "masters.kt.cluster.k8s.local"
                        },
                        "meta": {},
                        "tainted": false
                    },
                    "deposed": [],
                    "provider": "provider.aws"
                },
                "aws_iam_role_policy.nodes-kt-cluster-k8s-local": {
                    "type": "aws_iam_role_policy",
                    "depends_on": [
                        "aws_iam_role.nodes-kt-cluster-k8s-local"
                    ],
                    "primary": {
                        "id": "nodes.kt.cluster.k8s.local:nodes.kt.cluster.k8s.local",
                        "attributes": {
                            "id": "nodes.kt.cluster.k8s.local:nodes.kt.cluster.k8s.local",
                            "name": "nodes.kt.cluster.k8s.local",
                            "policy": "{\n  \"Version\": \"2012-10-17\",\n  \"Statement\": [\n    {\n      \"Sid\": \"kopsK8sEC2NodePerms\",\n      \"Effect\": \"Allow\",\n      \"Action\": [\n        \"ec2:DescribeInstances\",\n        \"ec2:DescribeRegions\"\n      ],\n      \"Resource\": [\n        \"*\"\n      ]\n    },\n    {\n      \"Sid\": \"kopsK8sS3GetListBucket\",\n      \"Effect\": \"Allow\",\n      \"Action\": [\n        \"s3:GetBucketLocation\",\n        \"s3:ListBucket\"\n      ],\n      \"Resource\": [\n        \"arn:aws:s3:::kt-cluster-bucket\"\n      ]\n    },\n    {\n      \"Sid\": \"kopsK8sS3NodeBucketSelectiveGet\",\n      \"Effect\": \"Allow\",\n      \"Action\": [\n        \"s3:Get*\"\n      ],\n      \"Resource\": [\n        \"arn:aws:s3:::kt-cluster-bucket/kt.cluster.k8s.local/addons/*\",\n        \"arn:aws:s3:::kt-cluster-bucket/kt.cluster.k8s.local/cluster.spec\",\n        \"arn:aws:s3:::kt-cluster-bucket/kt.cluster.k8s.local/config\",\n        \"arn:aws:s3:::kt-cluster-bucket/kt.cluster.k8s.local/instancegroup/*\",\n        \"arn:aws:s3:::kt-cluster-bucket/kt.cluster.k8s.local/pki/issued/*\",\n        \"arn:aws:s3:::kt-cluster-bucket/kt.cluster.k8s.local/pki/private/kube-proxy/*\",\n        \"arn:aws:s3:::kt-cluster-bucket/kt.cluster.k8s.local/pki/private/kubelet/*\",\n        \"arn:aws:s3:::kt-cluster-bucket/kt.cluster.k8s.local/pki/ssh/*\",\n        \"arn:aws:s3:::kt-cluster-bucket/kt.cluster.k8s.local/secrets/dockerconfig\"\n      ]\n    },\n    {\n      \"Sid\": \"kopsK8sECR\",\n      \"Effect\": \"Allow\",\n      \"Action\": [\n        \"ecr:GetAuthorizationToken\",\n        \"ecr:BatchCheckLayerAvailability\",\n        \"ecr:GetDownloadUrlForLayer\",\n        \"ecr:GetRepositoryPolicy\",\n        \"ecr:DescribeRepositories\",\n        \"ecr:ListImages\",\n        \"ecr:BatchGetImage\"\n      ],\n      \"Resource\": [\n        \"*\"\n      ]\n    }\n  ]\n}",
                            "role": "nodes.kt.cluster.k8s.local"
                        },
                        "meta": {},
                        "tainted": false
                    },
                    "deposed": [],
                    "provider": "provider.aws"
                },
                "aws_internet_gateway.kt-cluster-k8s-local": {
                    "type": "aws_internet_gateway",
                    "depends_on": [
                        "aws_vpc.kt-cluster-k8s-local"
                    ],
                    "primary": {
                        "id": "igw-0becb7429db6f2595",
                        "attributes": {
                            "id": "igw-0becb7429db6f2595",
                            "tags.%": "3",
                            "tags.KubernetesCluster": "kt.cluster.k8s.local",
                            "tags.Name": "kt.cluster.k8s.local",
                            "tags.kubernetes.io/cluster/kt.cluster.k8s.local": "owned",
                            "vpc_id": "vpc-044f730abcb476ddc"
                        },
                        "meta": {},
                        "tainted": false
                    },
                    "deposed": [],
                    "provider": "provider.aws"
                },
                "aws_key_pair.kubernetes-kt-cluster-k8s-local-7eb54e2bad44e3d710b32b55c3713923": {
                    "type": "aws_key_pair",
                    "depends_on": [],
                    "primary": {
                        "id": "kubernetes.kt.cluster.k8s.local-7e:b5:4e:2b:ad:44:e3:d7:10:b3:2b:55:c3:71:39:23",
                        "attributes": {
                            "id": "kubernetes.kt.cluster.k8s.local-7e:b5:4e:2b:ad:44:e3:d7:10:b3:2b:55:c3:71:39:23",
                            "key_name": "kubernetes.kt.cluster.k8s.local-7e:b5:4e:2b:ad:44:e3:d7:10:b3:2b:55:c3:71:39:23",
                            "public_key": "ssh-rsa AAAAB3NzaC1yc2EAAAADAQABAAABAQDiabhj19De8WZxRWQ9tKFgtoyEg6PajOj47myQlsVAaoWw9YIAdfYC7wGYkB8tgM3cANZR2jeP8dxsAgLdD0f1TIabOXwx7J6W5VxPWxPaP7lJnlDF0DJW+PCDzeVSbUPK9qhzj8I0Orssb/Ss2C5rJFpy/B6R4kuUFg3Ov8ywrA9q89wgPK9N++azFRM8fY+hc+phltIMuNWQqj6dCArLB03fSpgNsQaRrfM+WV0OddWAtsMERU5V0qXRBd5IxfTi6k4mYnmhlAVBe5KVxXPaaB605A7ECcrs2+9qfYwj0VfMmXTjpjECO//q16dIETTz+yozFoZ2HVCFD/jtNxLH ec2-user@ip-172-31-27-145"
                        },
                        "meta": {
                            "schema_version": "1"
                        },
                        "tainted": false
                    },
                    "deposed": [],
                    "provider": "provider.aws"
                },
                "aws_launch_configuration.master-us-west-2a-masters-kt-cluster-k8s-local": {
                    "type": "aws_launch_configuration",
                    "depends_on": [
                        "aws_iam_instance_profile.masters-kt-cluster-k8s-local",
                        "aws_key_pair.kubernetes-kt-cluster-k8s-local-7eb54e2bad44e3d710b32b55c3713923",
                        "aws_security_group.masters-kt-cluster-k8s-local"
                    ],
                    "primary": {
                        "id": "master-us-west-2a.masters.kt.cluster.k8s.local-20180805181301716900000002",
                        "attributes": {
                            "associate_public_ip_address": "true",
                            "ebs_block_device.#": "0",
                            "ebs_optimized": "false",
                            "enable_monitoring": "false",
                            "ephemeral_block_device.#": "1",
                            "ephemeral_block_device.3292514005.device_name": "/dev/sdc",
                            "ephemeral_block_device.3292514005.virtual_name": "ephemeral0",
                            "iam_instance_profile": "masters.kt.cluster.k8s.local",
                            "id": "master-us-west-2a.masters.kt.cluster.k8s.local-20180805181301716900000002",
                            "image_id": "ami-4bfe6f33",
                            "instance_type": "m3.medium",
                            "key_name": "kubernetes.kt.cluster.k8s.local-7e:b5:4e:2b:ad:44:e3:d7:10:b3:2b:55:c3:71:39:23",
                            "name": "master-us-west-2a.masters.kt.cluster.k8s.local-20180805181301716900000002",
                            "name_prefix": "master-us-west-2a.masters.kt.cluster.k8s.local-",
                            "root_block_device.#": "1",
                            "root_block_device.0.delete_on_termination": "true",
                            "root_block_device.0.iops": "0",
                            "root_block_device.0.volume_size": "64",
                            "root_block_device.0.volume_type": "gp2",
                            "security_groups.#": "1",
                            "security_groups.2679188985": "sg-09175c287cf5b6298",
                            "spot_price": "",
                            "user_data": "b2d1f064a810b34f31c271243e354355802380ef",
                            "vpc_classic_link_id": "",
                            "vpc_classic_link_security_groups.#": "0"
                        },
                        "meta": {},
                        "tainted": false
                    },
                    "deposed": [],
                    "provider": "provider.aws"
                },
                "aws_launch_configuration.master-us-west-2b-masters-kt-cluster-k8s-local": {
                    "type": "aws_launch_configuration",
                    "depends_on": [
                        "aws_iam_instance_profile.masters-kt-cluster-k8s-local",
                        "aws_key_pair.kubernetes-kt-cluster-k8s-local-7eb54e2bad44e3d710b32b55c3713923",
                        "aws_security_group.masters-kt-cluster-k8s-local"
                    ],
                    "primary": {
                        "id": "master-us-west-2b.masters.kt.cluster.k8s.local-20180805181303340200000004",
                        "attributes": {
                            "associate_public_ip_address": "true",
                            "ebs_block_device.#": "0",
                            "ebs_optimized": "false",
                            "enable_monitoring": "false",
                            "ephemeral_block_device.#": "1",
                            "ephemeral_block_device.3292514005.device_name": "/dev/sdc",
                            "ephemeral_block_device.3292514005.virtual_name": "ephemeral0",
                            "iam_instance_profile": "masters.kt.cluster.k8s.local",
                            "id": "master-us-west-2b.masters.kt.cluster.k8s.local-20180805181303340200000004",
                            "image_id": "ami-4bfe6f33",
                            "instance_type": "m3.medium",
                            "key_name": "kubernetes.kt.cluster.k8s.local-7e:b5:4e:2b:ad:44:e3:d7:10:b3:2b:55:c3:71:39:23",
                            "name": "master-us-west-2b.masters.kt.cluster.k8s.local-20180805181303340200000004",
                            "name_prefix": "master-us-west-2b.masters.kt.cluster.k8s.local-",
                            "root_block_device.#": "1",
                            "root_block_device.0.delete_on_termination": "true",
                            "root_block_device.0.iops": "0",
                            "root_block_device.0.volume_size": "64",
                            "root_block_device.0.volume_type": "gp2",
                            "security_groups.#": "1",
                            "security_groups.2679188985": "sg-09175c287cf5b6298",
                            "spot_price": "",
                            "user_data": "c71d945b3f3ee03fb897f9765fc7a24c723ad734",
                            "vpc_classic_link_id": "",
                            "vpc_classic_link_security_groups.#": "0"
                        },
                        "meta": {},
                        "tainted": false
                    },
                    "deposed": [],
                    "provider": "provider.aws"
                },
                "aws_launch_configuration.master-us-west-2c-masters-kt-cluster-k8s-local": {
                    "type": "aws_launch_configuration",
                    "depends_on": [
                        "aws_iam_instance_profile.masters-kt-cluster-k8s-local",
                        "aws_key_pair.kubernetes-kt-cluster-k8s-local-7eb54e2bad44e3d710b32b55c3713923",
                        "aws_security_group.masters-kt-cluster-k8s-local"
                    ],
                    "primary": {
                        "id": "master-us-west-2c.masters.kt.cluster.k8s.local-20180805181301959900000003",
                        "attributes": {
                            "associate_public_ip_address": "true",
                            "ebs_block_device.#": "0",
                            "ebs_optimized": "false",
                            "enable_monitoring": "false",
                            "ephemeral_block_device.#": "1",
                            "ephemeral_block_device.3292514005.device_name": "/dev/sdc",
                            "ephemeral_block_device.3292514005.virtual_name": "ephemeral0",
                            "iam_instance_profile": "masters.kt.cluster.k8s.local",
                            "id": "master-us-west-2c.masters.kt.cluster.k8s.local-20180805181301959900000003",
                            "image_id": "ami-4bfe6f33",
                            "instance_type": "m3.medium",
                            "key_name": "kubernetes.kt.cluster.k8s.local-7e:b5:4e:2b:ad:44:e3:d7:10:b3:2b:55:c3:71:39:23",
                            "name": "master-us-west-2c.masters.kt.cluster.k8s.local-20180805181301959900000003",
                            "name_prefix": "master-us-west-2c.masters.kt.cluster.k8s.local-",
                            "root_block_device.#": "1",
                            "root_block_device.0.delete_on_termination": "true",
                            "root_block_device.0.iops": "0",
                            "root_block_device.0.volume_size": "64",
                            "root_block_device.0.volume_type": "gp2",
                            "security_groups.#": "1",
                            "security_groups.2679188985": "sg-09175c287cf5b6298",
                            "spot_price": "",
                            "user_data": "a12f51454654774999f1f91e0a0647ed09bb3e20",
                            "vpc_classic_link_id": "",
                            "vpc_classic_link_security_groups.#": "0"
                        },
                        "meta": {},
                        "tainted": false
                    },
                    "deposed": [],
                    "provider": "provider.aws"
                },
                "aws_launch_configuration.nodes-kt-cluster-k8s-local": {
                    "type": "aws_launch_configuration",
                    "depends_on": [
                        "aws_iam_instance_profile.nodes-kt-cluster-k8s-local",
                        "aws_key_pair.kubernetes-kt-cluster-k8s-local-7eb54e2bad44e3d710b32b55c3713923",
                        "aws_security_group.nodes-kt-cluster-k8s-local"
                    ],
                    "primary": {
                        "id": "nodes.kt.cluster.k8s.local-20180805181300692500000001",
                        "attributes": {
                            "associate_public_ip_address": "true",
                            "ebs_block_device.#": "0",
                            "ebs_optimized": "false",
                            "enable_monitoring": "false",
                            "ephemeral_block_device.#": "0",
                            "iam_instance_profile": "nodes.kt.cluster.k8s.local",
                            "id": "nodes.kt.cluster.k8s.local-20180805181300692500000001",
                            "image_id": "ami-4bfe6f33",
                            "instance_type": "t2.medium",
                            "key_name": "kubernetes.kt.cluster.k8s.local-7e:b5:4e:2b:ad:44:e3:d7:10:b3:2b:55:c3:71:39:23",
                            "name": "nodes.kt.cluster.k8s.local-20180805181300692500000001",
                            "name_prefix": "nodes.kt.cluster.k8s.local-",
                            "root_block_device.#": "1",
                            "root_block_device.0.delete_on_termination": "true",
                            "root_block_device.0.iops": "0",
                            "root_block_device.0.volume_size": "128",
                            "root_block_device.0.volume_type": "gp2",
                            "security_groups.#": "1",
                            "security_groups.2441837542": "sg-0c0b20c2000708709",
                            "spot_price": "",
                            "user_data": "8254ce892a5f48227ceaf020135b2a4c613fb30c",
                            "vpc_classic_link_id": "",
                            "vpc_classic_link_security_groups.#": "0"
                        },
                        "meta": {},
                        "tainted": false
                    },
                    "deposed": [],
                    "provider": "provider.aws"
                },
                "aws_route.0-0-0-0--0": {
                    "type": "aws_route",
                    "depends_on": [
                        "aws_internet_gateway.kt-cluster-k8s-local",
                        "aws_route_table.kt-cluster-k8s-local"
                    ],
                    "primary": {
                        "id": "r-rtb-0f610c5b68eea48011080289494",
                        "attributes": {
                            "destination_cidr_block": "0.0.0.0/0",
                            "destination_prefix_list_id": "",
                            "egress_only_gateway_id": "",
                            "gateway_id": "igw-0becb7429db6f2595",
                            "id": "r-rtb-0f610c5b68eea48011080289494",
                            "instance_id": "",
                            "instance_owner_id": "",
                            "nat_gateway_id": "",
                            "network_interface_id": "",
                            "origin": "CreateRoute",
                            "route_table_id": "rtb-0f610c5b68eea4801",
                            "state": "active",
                            "vpc_peering_connection_id": ""
                        },
                        "meta": {
                            "e2bfb730-ecaa-11e6-8f88-34363bc7c4c0": {
                                "create": 120000000000,
                                "delete": 300000000000
                            }
                        },
                        "tainted": false
                    },
                    "deposed": [],
                    "provider": "provider.aws"
                },
                "aws_route_table.kt-cluster-k8s-local": {
                    "type": "aws_route_table",
                    "depends_on": [
                        "aws_vpc.kt-cluster-k8s-local"
                    ],
                    "primary": {
                        "id": "rtb-0f610c5b68eea4801",
                        "attributes": {
                            "id": "rtb-0f610c5b68eea4801",
                            "propagating_vgws.#": "0",
                            "route.#": "0",
                            "tags.%": "4",
                            "tags.KubernetesCluster": "kt.cluster.k8s.local",
                            "tags.Name": "kt.cluster.k8s.local",
                            "tags.kubernetes.io/cluster/kt.cluster.k8s.local": "owned",
                            "tags.kubernetes.io/kops/role": "public",
                            "vpc_id": "vpc-044f730abcb476ddc"
                        },
                        "meta": {},
                        "tainted": false
                    },
                    "deposed": [],
                    "provider": "provider.aws"
                },
                "aws_route_table_association.us-west-2a-kt-cluster-k8s-local": {
                    "type": "aws_route_table_association",
                    "depends_on": [
                        "aws_route_table.kt-cluster-k8s-local",
                        "aws_subnet.us-west-2a-kt-cluster-k8s-local"
                    ],
                    "primary": {
                        "id": "rtbassoc-08626e94db6b1ed58",
                        "attributes": {
                            "id": "rtbassoc-08626e94db6b1ed58",
                            "route_table_id": "rtb-0f610c5b68eea4801",
                            "subnet_id": "subnet-0aabe8a57bff1f28d"
                        },
                        "meta": {},
                        "tainted": false
                    },
                    "deposed": [],
                    "provider": "provider.aws"
                },
                "aws_route_table_association.us-west-2b-kt-cluster-k8s-local": {
                    "type": "aws_route_table_association",
                    "depends_on": [
                        "aws_route_table.kt-cluster-k8s-local",
                        "aws_subnet.us-west-2b-kt-cluster-k8s-local"
                    ],
                    "primary": {
                        "id": "rtbassoc-08ee3329a0e4c1a78",
                        "attributes": {
                            "id": "rtbassoc-08ee3329a0e4c1a78",
                            "route_table_id": "rtb-0f610c5b68eea4801",
                            "subnet_id": "subnet-05ba8ce821b7e488c"
                        },
                        "meta": {},
                        "tainted": false
                    },
                    "deposed": [],
                    "provider": "provider.aws"
                },
                "aws_route_table_association.us-west-2c-kt-cluster-k8s-local": {
                    "type": "aws_route_table_association",
                    "depends_on": [
                        "aws_route_table.kt-cluster-k8s-local",
                        "aws_subnet.us-west-2c-kt-cluster-k8s-local"
                    ],
                    "primary": {
                        "id": "rtbassoc-0a0d3cbce6df191b2",
                        "attributes": {
                            "id": "rtbassoc-0a0d3cbce6df191b2",
                            "route_table_id": "rtb-0f610c5b68eea4801",
                            "subnet_id": "subnet-03a7a4f017b8e55e6"
                        },
                        "meta": {},
                        "tainted": false
                    },
                    "deposed": [],
                    "provider": "provider.aws"
                },
                "aws_security_group.api-elb-kt-cluster-k8s-local": {
                    "type": "aws_security_group",
                    "depends_on": [
                        "aws_vpc.kt-cluster-k8s-local"
                    ],
                    "primary": {
                        "id": "sg-08c00e6205c03d24f",
                        "attributes": {
                            "arn": "arn:aws:ec2:us-west-2:363725706143:security-group/sg-08c00e6205c03d24f",
                            "description": "Security group for api ELB",
                            "egress.#": "0",
                            "id": "sg-08c00e6205c03d24f",
                            "ingress.#": "0",
                            "name": "api-elb.kt.cluster.k8s.local",
                            "owner_id": "363725706143",
                            "revoke_rules_on_delete": "false",
                            "tags.%": "3",
                            "tags.KubernetesCluster": "kt.cluster.k8s.local",
                            "tags.Name": "api-elb.kt.cluster.k8s.local",
                            "tags.kubernetes.io/cluster/kt.cluster.k8s.local": "owned",
                            "vpc_id": "vpc-044f730abcb476ddc"
                        },
                        "meta": {
                            "e2bfb730-ecaa-11e6-8f88-34363bc7c4c0": {
                                "create": 600000000000,
                                "delete": 600000000000
                            },
                            "schema_version": "1"
                        },
                        "tainted": false
                    },
                    "deposed": [],
                    "provider": "provider.aws"
                },
                "aws_security_group.masters-kt-cluster-k8s-local": {
                    "type": "aws_security_group",
                    "depends_on": [
                        "aws_vpc.kt-cluster-k8s-local"
                    ],
                    "primary": {
                        "id": "sg-09175c287cf5b6298",
                        "attributes": {
                            "arn": "arn:aws:ec2:us-west-2:363725706143:security-group/sg-09175c287cf5b6298",
                            "description": "Security group for masters",
                            "egress.#": "0",
                            "id": "sg-09175c287cf5b6298",
                            "ingress.#": "0",
                            "name": "masters.kt.cluster.k8s.local",
                            "owner_id": "363725706143",
                            "revoke_rules_on_delete": "false",
                            "tags.%": "3",
                            "tags.KubernetesCluster": "kt.cluster.k8s.local",
                            "tags.Name": "masters.kt.cluster.k8s.local",
                            "tags.kubernetes.io/cluster/kt.cluster.k8s.local": "owned",
                            "vpc_id": "vpc-044f730abcb476ddc"
                        },
                        "meta": {
                            "e2bfb730-ecaa-11e6-8f88-34363bc7c4c0": {
                                "create": 600000000000,
                                "delete": 600000000000
                            },
                            "schema_version": "1"
                        },
                        "tainted": false
                    },
                    "deposed": [],
                    "provider": "provider.aws"
                },
                "aws_security_group.nodes-kt-cluster-k8s-local": {
                    "type": "aws_security_group",
                    "depends_on": [
                        "aws_vpc.kt-cluster-k8s-local"
                    ],
                    "primary": {
                        "id": "sg-0c0b20c2000708709",
                        "attributes": {
                            "arn": "arn:aws:ec2:us-west-2:363725706143:security-group/sg-0c0b20c2000708709",
                            "description": "Security group for nodes",
                            "egress.#": "0",
                            "id": "sg-0c0b20c2000708709",
                            "ingress.#": "0",
                            "name": "nodes.kt.cluster.k8s.local",
                            "owner_id": "363725706143",
                            "revoke_rules_on_delete": "false",
                            "tags.%": "3",
                            "tags.KubernetesCluster": "kt.cluster.k8s.local",
                            "tags.Name": "nodes.kt.cluster.k8s.local",
                            "tags.kubernetes.io/cluster/kt.cluster.k8s.local": "owned",
                            "vpc_id": "vpc-044f730abcb476ddc"
                        },
                        "meta": {
                            "e2bfb730-ecaa-11e6-8f88-34363bc7c4c0": {
                                "create": 600000000000,
                                "delete": 600000000000
                            },
                            "schema_version": "1"
                        },
                        "tainted": false
                    },
                    "deposed": [],
                    "provider": "provider.aws"
                },
                "aws_security_group_rule.all-master-to-master": {
                    "type": "aws_security_group_rule",
                    "depends_on": [
                        "aws_security_group.masters-kt-cluster-k8s-local"
                    ],
                    "primary": {
                        "id": "sgrule-3167396086",
                        "attributes": {
                            "from_port": "0",
                            "id": "sgrule-3167396086",
                            "protocol": "-1",
                            "security_group_id": "sg-09175c287cf5b6298",
                            "self": "false",
                            "source_security_group_id": "sg-09175c287cf5b6298",
                            "to_port": "0",
                            "type": "ingress"
                        },
                        "meta": {
                            "schema_version": "2"
                        },
                        "tainted": false
                    },
                    "deposed": [],
                    "provider": "provider.aws"
                },
                "aws_security_group_rule.all-master-to-node": {
                    "type": "aws_security_group_rule",
                    "depends_on": [
                        "aws_security_group.masters-kt-cluster-k8s-local",
                        "aws_security_group.nodes-kt-cluster-k8s-local"
                    ],
                    "primary": {
                        "id": "sgrule-2330942688",
                        "attributes": {
                            "from_port": "0",
                            "id": "sgrule-2330942688",
                            "protocol": "-1",
                            "security_group_id": "sg-0c0b20c2000708709",
                            "self": "false",
                            "source_security_group_id": "sg-09175c287cf5b6298",
                            "to_port": "0",
                            "type": "ingress"
                        },
                        "meta": {
                            "schema_version": "2"
                        },
                        "tainted": false
                    },
                    "deposed": [],
                    "provider": "provider.aws"
                },
                "aws_security_group_rule.all-node-to-node": {
                    "type": "aws_security_group_rule",
                    "depends_on": [
                        "aws_security_group.nodes-kt-cluster-k8s-local"
                    ],
                    "primary": {
                        "id": "sgrule-3317540997",
                        "attributes": {
                            "from_port": "0",
                            "id": "sgrule-3317540997",
                            "protocol": "-1",
                            "security_group_id": "sg-0c0b20c2000708709",
                            "self": "false",
                            "source_security_group_id": "sg-0c0b20c2000708709",
                            "to_port": "0",
                            "type": "ingress"
                        },
                        "meta": {
                            "schema_version": "2"
                        },
                        "tainted": false
                    },
                    "deposed": [],
                    "provider": "provider.aws"
                },
                "aws_security_group_rule.api-elb-egress": {
                    "type": "aws_security_group_rule",
                    "depends_on": [
                        "aws_security_group.api-elb-kt-cluster-k8s-local"
                    ],
                    "primary": {
                        "id": "sgrule-3582123582",
                        "attributes": {
                            "cidr_blocks.#": "1",
                            "cidr_blocks.0": "0.0.0.0/0",
                            "from_port": "0",
                            "id": "sgrule-3582123582",
                            "protocol": "-1",
                            "security_group_id": "sg-08c00e6205c03d24f",
                            "self": "false",
                            "to_port": "0",
                            "type": "egress"
                        },
                        "meta": {
                            "schema_version": "2"
                        },
                        "tainted": false
                    },
                    "deposed": [],
                    "provider": "provider.aws"
                },
                "aws_security_group_rule.https-api-elb-0-0-0-0--0": {
                    "type": "aws_security_group_rule",
                    "depends_on": [
                        "aws_security_group.api-elb-kt-cluster-k8s-local"
                    ],
                    "primary": {
                        "id": "sgrule-2839180773",
                        "attributes": {
                            "cidr_blocks.#": "1",
                            "cidr_blocks.0": "0.0.0.0/0",
                            "from_port": "443",
                            "id": "sgrule-2839180773",
                            "protocol": "tcp",
                            "security_group_id": "sg-08c00e6205c03d24f",
                            "self": "false",
                            "to_port": "443",
                            "type": "ingress"
                        },
                        "meta": {
                            "schema_version": "2"
                        },
                        "tainted": false
                    },
                    "deposed": [],
                    "provider": "provider.aws"
                },
                "aws_security_group_rule.https-elb-to-master": {
                    "type": "aws_security_group_rule",
                    "depends_on": [
                        "aws_security_group.api-elb-kt-cluster-k8s-local",
                        "aws_security_group.masters-kt-cluster-k8s-local"
                    ],
                    "primary": {
                        "id": "sgrule-1943425498",
                        "attributes": {
                            "from_port": "443",
                            "id": "sgrule-1943425498",
                            "protocol": "tcp",
                            "security_group_id": "sg-09175c287cf5b6298",
                            "self": "false",
                            "source_security_group_id": "sg-08c00e6205c03d24f",
                            "to_port": "443",
                            "type": "ingress"
                        },
                        "meta": {
                            "schema_version": "2"
                        },
                        "tainted": false
                    },
                    "deposed": [],
                    "provider": "provider.aws"
                },
                "aws_security_group_rule.master-egress": {
                    "type": "aws_security_group_rule",
                    "depends_on": [
                        "aws_security_group.masters-kt-cluster-k8s-local"
                    ],
                    "primary": {
                        "id": "sgrule-2064824548",
                        "attributes": {
                            "cidr_blocks.#": "1",
                            "cidr_blocks.0": "0.0.0.0/0",
                            "from_port": "0",
                            "id": "sgrule-2064824548",
                            "protocol": "-1",
                            "security_group_id": "sg-09175c287cf5b6298",
                            "self": "false",
                            "to_port": "0",
                            "type": "egress"
                        },
                        "meta": {
                            "schema_version": "2"
                        },
                        "tainted": false
                    },
                    "deposed": [],
                    "provider": "provider.aws"
                },
                "aws_security_group_rule.node-egress": {
                    "type": "aws_security_group_rule",
                    "depends_on": [
                        "aws_security_group.nodes-kt-cluster-k8s-local"
                    ],
                    "primary": {
                        "id": "sgrule-2080438051",
                        "attributes": {
                            "cidr_blocks.#": "1",
                            "cidr_blocks.0": "0.0.0.0/0",
                            "from_port": "0",
                            "id": "sgrule-2080438051",
                            "protocol": "-1",
                            "security_group_id": "sg-0c0b20c2000708709",
                            "self": "false",
                            "to_port": "0",
                            "type": "egress"
                        },
                        "meta": {
                            "schema_version": "2"
                        },
                        "tainted": false
                    },
                    "deposed": [],
                    "provider": "provider.aws"
                },
                "aws_security_group_rule.node-to-master-tcp-1-2379": {
                    "type": "aws_security_group_rule",
                    "depends_on": [
                        "aws_security_group.masters-kt-cluster-k8s-local",
                        "aws_security_group.nodes-kt-cluster-k8s-local"
                    ],
                    "primary": {
                        "id": "sgrule-2250429770",
                        "attributes": {
                            "from_port": "1",
                            "id": "sgrule-2250429770",
                            "protocol": "tcp",
                            "security_group_id": "sg-09175c287cf5b6298",
                            "self": "false",
                            "source_security_group_id": "sg-0c0b20c2000708709",
                            "to_port": "2379",
                            "type": "ingress"
                        },
                        "meta": {
                            "schema_version": "2"
                        },
                        "tainted": false
                    },
                    "deposed": [],
                    "provider": "provider.aws"
                },
                "aws_security_group_rule.node-to-master-tcp-2382-4000": {
                    "type": "aws_security_group_rule",
                    "depends_on": [
                        "aws_security_group.masters-kt-cluster-k8s-local",
                        "aws_security_group.nodes-kt-cluster-k8s-local"
                    ],
                    "primary": {
                        "id": "sgrule-413481930",
                        "attributes": {
                            "from_port": "2382",
                            "id": "sgrule-413481930",
                            "protocol": "tcp",
                            "security_group_id": "sg-09175c287cf5b6298",
                            "self": "false",
                            "source_security_group_id": "sg-0c0b20c2000708709",
                            "to_port": "4000",
                            "type": "ingress"
                        },
                        "meta": {
                            "schema_version": "2"
                        },
                        "tainted": false
                    },
                    "deposed": [],
                    "provider": "provider.aws"
                },
                "aws_security_group_rule.node-to-master-tcp-4003-65535": {
                    "type": "aws_security_group_rule",
                    "depends_on": [
                        "aws_security_group.masters-kt-cluster-k8s-local",
                        "aws_security_group.nodes-kt-cluster-k8s-local"
                    ],
                    "primary": {
                        "id": "sgrule-3090454885",
                        "attributes": {
                            "from_port": "4003",
                            "id": "sgrule-3090454885",
                            "protocol": "tcp",
                            "security_group_id": "sg-09175c287cf5b6298",
                            "self": "false",
                            "source_security_group_id": "sg-0c0b20c2000708709",
                            "to_port": "65535",
                            "type": "ingress"
                        },
                        "meta": {
                            "schema_version": "2"
                        },
                        "tainted": false
                    },
                    "deposed": [],
                    "provider": "provider.aws"
                },
                "aws_security_group_rule.node-to-master-udp-1-65535": {
                    "type": "aws_security_group_rule",
                    "depends_on": [
                        "aws_security_group.masters-kt-cluster-k8s-local",
                        "aws_security_group.nodes-kt-cluster-k8s-local"
                    ],
                    "primary": {
                        "id": "sgrule-3363473563",
                        "attributes": {
                            "from_port": "1",
                            "id": "sgrule-3363473563",
                            "protocol": "udp",
                            "security_group_id": "sg-09175c287cf5b6298",
                            "self": "false",
                            "source_security_group_id": "sg-0c0b20c2000708709",
                            "to_port": "65535",
                            "type": "ingress"
                        },
                        "meta": {
                            "schema_version": "2"
                        },
                        "tainted": false
                    },
                    "deposed": [],
                    "provider": "provider.aws"
                },
                "aws_security_group_rule.ssh-external-to-master-0-0-0-0--0": {
                    "type": "aws_security_group_rule",
                    "depends_on": [
                        "aws_security_group.masters-kt-cluster-k8s-local"
                    ],
                    "primary": {
                        "id": "sgrule-2572501404",
                        "attributes": {
                            "cidr_blocks.#": "1",
                            "cidr_blocks.0": "0.0.0.0/0",
                            "from_port": "22",
                            "id": "sgrule-2572501404",
                            "protocol": "tcp",
                            "security_group_id": "sg-09175c287cf5b6298",
                            "self": "false",
                            "to_port": "22",
                            "type": "ingress"
                        },
                        "meta": {
                            "schema_version": "2"
                        },
                        "tainted": false
                    },
                    "deposed": [],
                    "provider": "provider.aws"
                },
                "aws_security_group_rule.ssh-external-to-node-0-0-0-0--0": {
                    "type": "aws_security_group_rule",
                    "depends_on": [
                        "aws_security_group.nodes-kt-cluster-k8s-local"
                    ],
                    "primary": {
                        "id": "sgrule-2806740386",
                        "attributes": {
                            "cidr_blocks.#": "1",
                            "cidr_blocks.0": "0.0.0.0/0",
                            "from_port": "22",
                            "id": "sgrule-2806740386",
                            "protocol": "tcp",
                            "security_group_id": "sg-0c0b20c2000708709",
                            "self": "false",
                            "to_port": "22",
                            "type": "ingress"
                        },
                        "meta": {
                            "schema_version": "2"
                        },
                        "tainted": false
                    },
                    "deposed": [],
                    "provider": "provider.aws"
                },
                "aws_subnet.us-west-2a-kt-cluster-k8s-local": {
                    "type": "aws_subnet",
                    "depends_on": [
                        "aws_vpc.kt-cluster-k8s-local"
                    ],
                    "primary": {
                        "id": "subnet-0aabe8a57bff1f28d",
                        "attributes": {
                            "assign_ipv6_address_on_creation": "false",
                            "availability_zone": "us-west-2a",
                            "cidr_block": "172.20.32.0/19",
                            "id": "subnet-0aabe8a57bff1f28d",
                            "map_public_ip_on_launch": "false",
                            "tags.%": "5",
                            "tags.KubernetesCluster": "kt.cluster.k8s.local",
                            "tags.Name": "us-west-2a.kt.cluster.k8s.local",
                            "tags.SubnetType": "Public",
                            "tags.kubernetes.io/cluster/kt.cluster.k8s.local": "owned",
                            "tags.kubernetes.io/role/elb": "1",
                            "vpc_id": "vpc-044f730abcb476ddc"
                        },
                        "meta": {
                            "schema_version": "1"
                        },
                        "tainted": false
                    },
                    "deposed": [],
                    "provider": "provider.aws"
                },
                "aws_subnet.us-west-2b-kt-cluster-k8s-local": {
                    "type": "aws_subnet",
                    "depends_on": [
                        "aws_vpc.kt-cluster-k8s-local"
                    ],
                    "primary": {
                        "id": "subnet-05ba8ce821b7e488c",
                        "attributes": {
                            "assign_ipv6_address_on_creation": "false",
                            "availability_zone": "us-west-2b",
                            "cidr_block": "172.20.64.0/19",
                            "id": "subnet-05ba8ce821b7e488c",
                            "map_public_ip_on_launch": "false",
                            "tags.%": "5",
                            "tags.KubernetesCluster": "kt.cluster.k8s.local",
                            "tags.Name": "us-west-2b.kt.cluster.k8s.local",
                            "tags.SubnetType": "Public",
                            "tags.kubernetes.io/cluster/kt.cluster.k8s.local": "owned",
                            "tags.kubernetes.io/role/elb": "1",
                            "vpc_id": "vpc-044f730abcb476ddc"
                        },
                        "meta": {
                            "schema_version": "1"
                        },
                        "tainted": false
                    },
                    "deposed": [],
                    "provider": "provider.aws"
                },
                "aws_subnet.us-west-2c-kt-cluster-k8s-local": {
                    "type": "aws_subnet",
                    "depends_on": [
                        "aws_vpc.kt-cluster-k8s-local"
                    ],
                    "primary": {
                        "id": "subnet-03a7a4f017b8e55e6",
                        "attributes": {
                            "assign_ipv6_address_on_creation": "false",
                            "availability_zone": "us-west-2c",
                            "cidr_block": "172.20.96.0/19",
                            "id": "subnet-03a7a4f017b8e55e6",
                            "map_public_ip_on_launch": "false",
                            "tags.%": "5",
                            "tags.KubernetesCluster": "kt.cluster.k8s.local",
                            "tags.Name": "us-west-2c.kt.cluster.k8s.local",
                            "tags.SubnetType": "Public",
                            "tags.kubernetes.io/cluster/kt.cluster.k8s.local": "owned",
                            "tags.kubernetes.io/role/elb": "1",
                            "vpc_id": "vpc-044f730abcb476ddc"
                        },
                        "meta": {
                            "schema_version": "1"
                        },
                        "tainted": false
                    },
                    "deposed": [],
                    "provider": "provider.aws"
                },
                "aws_vpc.kt-cluster-k8s-local": {
                    "type": "aws_vpc",
                    "depends_on": [],
                    "primary": {
                        "id": "vpc-044f730abcb476ddc",
                        "attributes": {
                            "arn": "arn:aws:ec2:us-west-2:363725706143:vpc/vpc-044f730abcb476ddc",
                            "assign_generated_ipv6_cidr_block": "false",
                            "cidr_block": "172.20.0.0/16",
                            "default_network_acl_id": "acl-060b5df2ada347c3f",
                            "default_route_table_id": "rtb-016d7cf84864198a3",
                            "default_security_group_id": "sg-0a32ad9115f474a20",
                            "dhcp_options_id": "dopt-a0c223d8",
                            "enable_classiclink": "false",
                            "enable_classiclink_dns_support": "false",
                            "enable_dns_hostnames": "true",
                            "enable_dns_support": "true",
                            "id": "vpc-044f730abcb476ddc",
                            "instance_tenancy": "default",
                            "main_route_table_id": "rtb-016d7cf84864198a3",
                            "tags.%": "3",
                            "tags.KubernetesCluster": "kt.cluster.k8s.local",
                            "tags.Name": "kt.cluster.k8s.local",
                            "tags.kubernetes.io/cluster/kt.cluster.k8s.local": "owned"
                        },
                        "meta": {
                            "schema_version": "1"
                        },
                        "tainted": false
                    },
                    "deposed": [],
                    "provider": "provider.aws"
                },
                "aws_vpc_dhcp_options.kt-cluster-k8s-local": {
                    "type": "aws_vpc_dhcp_options",
                    "depends_on": [],
                    "primary": {
                        "id": "dopt-024c9d0d3e676e3bf",
                        "attributes": {
                            "domain_name": "us-west-2.compute.internal",
                            "domain_name_servers.#": "1",
                            "domain_name_servers.0": "AmazonProvidedDNS",
                            "id": "dopt-024c9d0d3e676e3bf",
                            "tags.%": "3",
                            "tags.KubernetesCluster": "kt.cluster.k8s.local",
                            "tags.Name": "kt.cluster.k8s.local",
                            "tags.kubernetes.io/cluster/kt.cluster.k8s.local": "owned"
                        },
                        "meta": {},
                        "tainted": false
                    },
                    "deposed": [],
                    "provider": "provider.aws"
                },
                "aws_vpc_dhcp_options_association.kt-cluster-k8s-local": {
                    "type": "aws_vpc_dhcp_options_association",
                    "depends_on": [
                        "aws_vpc.kt-cluster-k8s-local",
                        "aws_vpc_dhcp_options.kt-cluster-k8s-local"
                    ],
                    "primary": {
                        "id": "dopt-024c9d0d3e676e3bf-vpc-044f730abcb476ddc",
                        "attributes": {
                            "dhcp_options_id": "dopt-024c9d0d3e676e3bf",
                            "id": "dopt-024c9d0d3e676e3bf-vpc-044f730abcb476ddc",
                            "vpc_id": "vpc-044f730abcb476ddc"
                        },
                        "meta": {},
                        "tainted": false
                    },
                    "deposed": [],
                    "provider": "provider.aws"
                }
            },
            "depends_on": []
        }
    ]
}
